
Microsoft Visual Studio Solution File, Format Version 12.00
# Visual Studio Version 17
VisualStudioVersion = 17.10.35122.118
MinimumVisualStudioVersion = 10.0.40219.1
Project("{FAE04EC0-301F-11D3-BF4B-00C04F79EFBC}") = "Project_Fichier_DXF", "Project_Fichier_DXF\Project_Fichier_DXF.csproj", "{C68D7DC0-974E-476E-A544-DAA76D63BE94}"
EndProject
Global
	GlobalSection(SolutionConfigurationPlatforms) = preSolution
		Debug|Any CPU = Debug|Any CPU
		Release|Any CPU = Release|Any CPU
	EndGlobalSection
	GlobalSection(ProjectConfigurationPlatforms) = postSolution
		{C68D7DC0-974E-476E-A544-DAA76D63BE94}.Debug|Any CPU.ActiveCfg = Debug|Any CPU
		{C68D7DC0-974E-476E-A544-DAA76D63BE94}.Debug|Any CPU.Build.0 = Debug|Any CPU
		{C68D7DC0-974E-476E-A544-DAA76D63BE94}.Release|Any CPU.ActiveCfg = Release|Any CPU
		{C68D7DC0-974E-476E-A544-DAA76D63BE94}.Release|Any CPU.Build.0 = Release|Any CPU
	EndGlobalSection
	GlobalSection(SolutionProperties) = preSolution
		HideSolutionNode = FALSE
	EndGlobalSection
	GlobalSection(ExtensibilityGlobals) = postSolution
		SolutionGuid = {56134424-8213-412D-A0E3-0CEC5CEA7789}
	EndGlobalSection
EndGlobal
